
Microsoft Visual Studio Solution File, Format Version 12.00
# Visual Studio Version 17
VisualStudioVersion = 17.2.32630.192
MinimumVisualStudioVersion = 10.0.40219.1
Project("{FAE04EC0-301F-11D3-BF4B-00C04F79EFBC}") = "PooOne", "Poo\PooOne.csproj", "{5DFA8BC9-B975-40FF-8820-C0B6D938185F}"
EndProject
Project("{FAE04EC0-301F-11D3-BF4B-00C04F79EFBC}") = "PooTwo", "PooTwo\PooTwo.csproj", "{DC204B90-05E8-4D6C-9011-415C7FD25120}"
EndProject
Global
	GlobalSection(SolutionConfigurationPlatforms) = preSolution
		Debug|Any CPU = Debug|Any CPU
		Release|Any CPU = Release|Any CPU
	EndGlobalSection
	GlobalSection(ProjectConfigurationPlatforms) = postSolution
		{5DFA8BC9-B975-40FF-8820-C0B6D938185F}.Debug|Any CPU.ActiveCfg = Debug|Any CPU
		{5DFA8BC9-B975-40FF-8820-C0B6D938185F}.Debug|Any CPU.Build.0 = Debug|Any CPU
		{5DFA8BC9-B975-40FF-8820-C0B6D938185F}.Release|Any CPU.ActiveCfg = Release|Any CPU
		{5DFA8BC9-B975-40FF-8820-C0B6D938185F}.Release|Any CPU.Build.0 = Release|Any CPU
		{DC204B90-05E8-4D6C-9011-415C7FD25120}.Debug|Any CPU.ActiveCfg = Debug|Any CPU
		{DC204B90-05E8-4D6C-9011-415C7FD25120}.Debug|Any CPU.Build.0 = Debug|Any CPU
		{DC204B90-05E8-4D6C-9011-415C7FD25120}.Release|Any CPU.ActiveCfg = Release|Any CPU
		{DC204B90-05E8-4D6C-9011-415C7FD25120}.Release|Any CPU.Build.0 = Release|Any CPU
	EndGlobalSection
	GlobalSection(SolutionProperties) = preSolution
		HideSolutionNode = FALSE
	EndGlobalSection
	GlobalSection(ExtensibilityGlobals) = postSolution
		SolutionGuid = {EF837913-8F1D-4465-8C2B-CA0E6E885C67}
	EndGlobalSection
EndGlobal
