
Microsoft Visual Studio Solution File, Format Version 12.00
# Visual Studio Version 16
VisualStudioVersion = 16.0.32602.291
MinimumVisualStudioVersion = 10.0.40219.1
Project("{FAE04EC0-301F-11D3-BF4B-00C04F79EFBC}") = "DateTimes", "DateTimes\DateTimes.csproj", "{757353F0-5F70-405B-BD94-10A335B10402}"
EndProject
Project("{FAE04EC0-301F-11D3-BF4B-00C04F79EFBC}") = "TimeSpans", "TimeSpan\TimeSpans.csproj", "{A972CC89-9F15-4973-A8ED-B9ABEF27EE04}"
EndProject
Global
	GlobalSection(SolutionConfigurationPlatforms) = preSolution
		Debug|Any CPU = Debug|Any CPU
		Release|Any CPU = Release|Any CPU
	EndGlobalSection
	GlobalSection(ProjectConfigurationPlatforms) = postSolution
		{757353F0-5F70-405B-BD94-10A335B10402}.Debug|Any CPU.ActiveCfg = Debug|Any CPU
		{757353F0-5F70-405B-BD94-10A335B10402}.Debug|Any CPU.Build.0 = Debug|Any CPU
		{757353F0-5F70-405B-BD94-10A335B10402}.Release|Any CPU.ActiveCfg = Release|Any CPU
		{757353F0-5F70-405B-BD94-10A335B10402}.Release|Any CPU.Build.0 = Release|Any CPU
		{A972CC89-9F15-4973-A8ED-B9ABEF27EE04}.Debug|Any CPU.ActiveCfg = Debug|Any CPU
		{A972CC89-9F15-4973-A8ED-B9ABEF27EE04}.Debug|Any CPU.Build.0 = Debug|Any CPU
		{A972CC89-9F15-4973-A8ED-B9ABEF27EE04}.Release|Any CPU.ActiveCfg = Release|Any CPU
		{A972CC89-9F15-4973-A8ED-B9ABEF27EE04}.Release|Any CPU.Build.0 = Release|Any CPU
	EndGlobalSection
	GlobalSection(SolutionProperties) = preSolution
		HideSolutionNode = FALSE
	EndGlobalSection
	GlobalSection(ExtensibilityGlobals) = postSolution
		SolutionGuid = {086E64ED-D921-4E20-A37E-0FD91EFE63D6}
	EndGlobalSection
EndGlobal
