
Microsoft Visual Studio Solution File, Format Version 12.00
# Visual Studio Version 17
VisualStudioVersion = 17.2.32630.192
MinimumVisualStudioVersion = 10.0.40219.1
Project("{FAE04EC0-301F-11D3-BF4B-00C04F79EFBC}") = "NativeSizedInteger", "NativeSizedInteger\NativeSizedInteger.csproj", "{547D280E-E064-4582-AE3B-5B9B0D95C5DA}"
EndProject
Global
	GlobalSection(SolutionConfigurationPlatforms) = preSolution
		Debug|Any CPU = Debug|Any CPU
		Release|Any CPU = Release|Any CPU
	EndGlobalSection
	GlobalSection(ProjectConfigurationPlatforms) = postSolution
		{547D280E-E064-4582-AE3B-5B9B0D95C5DA}.Debug|Any CPU.ActiveCfg = Debug|Any CPU
		{547D280E-E064-4582-AE3B-5B9B0D95C5DA}.Debug|Any CPU.Build.0 = Debug|Any CPU
		{547D280E-E064-4582-AE3B-5B9B0D95C5DA}.Release|Any CPU.ActiveCfg = Release|Any CPU
		{547D280E-E064-4582-AE3B-5B9B0D95C5DA}.Release|Any CPU.Build.0 = Release|Any CPU
	EndGlobalSection
	GlobalSection(SolutionProperties) = preSolution
		HideSolutionNode = FALSE
	EndGlobalSection
	GlobalSection(ExtensibilityGlobals) = postSolution
		SolutionGuid = {076200C9-D8BF-4859-AFE0-41F5A6A5292E}
	EndGlobalSection
EndGlobal
