
Microsoft Visual Studio Solution File, Format Version 12.00
# Visual Studio Version 17
VisualStudioVersion = 17.2.32630.192
MinimumVisualStudioVersion = 10.0.40219.1
Project("{FAE04EC0-301F-11D3-BF4B-00C04F79EFBC}") = "ExerciceOne", "ExerciseWorkingWithFiles\ExerciceOne.csproj", "{417E6235-06D9-4695-8B3A-52BD4A826C73}"
EndProject
Project("{FAE04EC0-301F-11D3-BF4B-00C04F79EFBC}") = "ExerciseTwo", "ExerciseTwo\ExerciseTwo.csproj", "{95BAC153-F3E5-40DA-A577-93373B61A0E5}"
EndProject
Global
	GlobalSection(SolutionConfigurationPlatforms) = preSolution
		Debug|Any CPU = Debug|Any CPU
		Release|Any CPU = Release|Any CPU
	EndGlobalSection
	GlobalSection(ProjectConfigurationPlatforms) = postSolution
		{417E6235-06D9-4695-8B3A-52BD4A826C73}.Debug|Any CPU.ActiveCfg = Debug|Any CPU
		{417E6235-06D9-4695-8B3A-52BD4A826C73}.Debug|Any CPU.Build.0 = Debug|Any CPU
		{417E6235-06D9-4695-8B3A-52BD4A826C73}.Release|Any CPU.ActiveCfg = Release|Any CPU
		{417E6235-06D9-4695-8B3A-52BD4A826C73}.Release|Any CPU.Build.0 = Release|Any CPU
		{95BAC153-F3E5-40DA-A577-93373B61A0E5}.Debug|Any CPU.ActiveCfg = Debug|Any CPU
		{95BAC153-F3E5-40DA-A577-93373B61A0E5}.Debug|Any CPU.Build.0 = Debug|Any CPU
		{95BAC153-F3E5-40DA-A577-93373B61A0E5}.Release|Any CPU.ActiveCfg = Release|Any CPU
		{95BAC153-F3E5-40DA-A577-93373B61A0E5}.Release|Any CPU.Build.0 = Release|Any CPU
	EndGlobalSection
	GlobalSection(SolutionProperties) = preSolution
		HideSolutionNode = FALSE
	EndGlobalSection
	GlobalSection(ExtensibilityGlobals) = postSolution
		SolutionGuid = {C4416CEE-2432-4A6A-A0BF-40D3A83A7DCD}
	EndGlobalSection
EndGlobal
