
Microsoft Visual Studio Solution File, Format Version 12.00
# Visual Studio Version 16
VisualStudioVersion = 16.0.32602.291
MinimumVisualStudioVersion = 10.0.40219.1
Project("{FAE04EC0-301F-11D3-BF4B-00C04F79EFBC}") = "ExerciseOne", "ExerciseOne\ExerciseOne.csproj", "{ED3D2A37-8C34-4CB3-841A-6BE91046B498}"
EndProject
Project("{FAE04EC0-301F-11D3-BF4B-00C04F79EFBC}") = "ExerciseTwo", "ExerciseTwo\ExerciseTwo.csproj", "{7971D9B6-9ECC-42A9-82DD-844D19BBD8B6}"
EndProject
Project("{FAE04EC0-301F-11D3-BF4B-00C04F79EFBC}") = "ExerciseThree", "ExerciseThree\ExerciseThree.csproj", "{7F17FCDB-90FE-4FA2-95B1-EE5023A1B689}"
EndProject
Project("{FAE04EC0-301F-11D3-BF4B-00C04F79EFBC}") = "ExerciseFour", "ExerciseFour\ExerciseFour.csproj", "{620A520D-B286-4DF3-BF58-C03C9F3CB767}"
EndProject
Project("{FAE04EC0-301F-11D3-BF4B-00C04F79EFBC}") = "ExerciseFive", "ExerciseFive\ExerciseFive.csproj", "{4BDC4417-C570-438A-A901-4EDA252916CB}"
EndProject
Global
	GlobalSection(SolutionConfigurationPlatforms) = preSolution
		Debug|Any CPU = Debug|Any CPU
		Release|Any CPU = Release|Any CPU
	EndGlobalSection
	GlobalSection(ProjectConfigurationPlatforms) = postSolution
		{ED3D2A37-8C34-4CB3-841A-6BE91046B498}.Debug|Any CPU.ActiveCfg = Debug|Any CPU
		{ED3D2A37-8C34-4CB3-841A-6BE91046B498}.Debug|Any CPU.Build.0 = Debug|Any CPU
		{ED3D2A37-8C34-4CB3-841A-6BE91046B498}.Release|Any CPU.ActiveCfg = Release|Any CPU
		{ED3D2A37-8C34-4CB3-841A-6BE91046B498}.Release|Any CPU.Build.0 = Release|Any CPU
		{7971D9B6-9ECC-42A9-82DD-844D19BBD8B6}.Debug|Any CPU.ActiveCfg = Debug|Any CPU
		{7971D9B6-9ECC-42A9-82DD-844D19BBD8B6}.Debug|Any CPU.Build.0 = Debug|Any CPU
		{7971D9B6-9ECC-42A9-82DD-844D19BBD8B6}.Release|Any CPU.ActiveCfg = Release|Any CPU
		{7971D9B6-9ECC-42A9-82DD-844D19BBD8B6}.Release|Any CPU.Build.0 = Release|Any CPU
		{7F17FCDB-90FE-4FA2-95B1-EE5023A1B689}.Debug|Any CPU.ActiveCfg = Debug|Any CPU
		{7F17FCDB-90FE-4FA2-95B1-EE5023A1B689}.Debug|Any CPU.Build.0 = Debug|Any CPU
		{7F17FCDB-90FE-4FA2-95B1-EE5023A1B689}.Release|Any CPU.ActiveCfg = Release|Any CPU
		{7F17FCDB-90FE-4FA2-95B1-EE5023A1B689}.Release|Any CPU.Build.0 = Release|Any CPU
		{620A520D-B286-4DF3-BF58-C03C9F3CB767}.Debug|Any CPU.ActiveCfg = Debug|Any CPU
		{620A520D-B286-4DF3-BF58-C03C9F3CB767}.Debug|Any CPU.Build.0 = Debug|Any CPU
		{620A520D-B286-4DF3-BF58-C03C9F3CB767}.Release|Any CPU.ActiveCfg = Release|Any CPU
		{620A520D-B286-4DF3-BF58-C03C9F3CB767}.Release|Any CPU.Build.0 = Release|Any CPU
		{4BDC4417-C570-438A-A901-4EDA252916CB}.Debug|Any CPU.ActiveCfg = Debug|Any CPU
		{4BDC4417-C570-438A-A901-4EDA252916CB}.Debug|Any CPU.Build.0 = Debug|Any CPU
		{4BDC4417-C570-438A-A901-4EDA252916CB}.Release|Any CPU.ActiveCfg = Release|Any CPU
		{4BDC4417-C570-438A-A901-4EDA252916CB}.Release|Any CPU.Build.0 = Release|Any CPU
	EndGlobalSection
	GlobalSection(SolutionProperties) = preSolution
		HideSolutionNode = FALSE
	EndGlobalSection
	GlobalSection(ExtensibilityGlobals) = postSolution
		SolutionGuid = {DB1006B7-9DC4-4FBE-8744-958970422932}
	EndGlobalSection
EndGlobal
