
Microsoft Visual Studio Solution File, Format Version 12.00
# Visual Studio Version 17
VisualStudioVersion = 17.2.32630.192
MinimumVisualStudioVersion = 10.0.40219.1
Project("{FAE04EC0-301F-11D3-BF4B-00C04F79EFBC}") = "TestTwoNamespace", "TestTwoNamespace\TestTwoNamespace.csproj", "{D1952481-3E48-4EC1-B813-A22E894A8646}"
EndProject
Project("{FAE04EC0-301F-11D3-BF4B-00C04F79EFBC}") = "TestThreeNamespace", "TestThreeNamespace\TestThreeNamespace.csproj", "{A8CE6A88-E720-4C90-A447-8775131C9E2C}"
EndProject
Project("{FAE04EC0-301F-11D3-BF4B-00C04F79EFBC}") = "NestingNamespaces", "NestingNamespaces\NestingNamespaces.csproj", "{404829B4-D970-4C07-B7FA-5105D9A7920F}"
EndProject
Project("{FAE04EC0-301F-11D3-BF4B-00C04F79EFBC}") = "AliasNameSpace", "AliasNameSpace\AliasNameSpace.csproj", "{67729025-0A7F-40A4-9DE1-416AD3C97B3C}"
EndProject
Project("{FAE04EC0-301F-11D3-BF4B-00C04F79EFBC}") = "ConsoleApp1", "ConsoleApp1\ConsoleApp1.csproj", "{31CF4D43-7763-4A86-AA55-42F67768BC97}"
EndProject
Project("{FAE04EC0-301F-11D3-BF4B-00C04F79EFBC}") = "ConsoleApp2", "ConsoleApp2\ConsoleApp2.csproj", "{3EF91F60-83E4-4F45-B719-8E7467A43AD0}"
EndProject
Global
	GlobalSection(SolutionConfigurationPlatforms) = preSolution
		Debug|Any CPU = Debug|Any CPU
		Release|Any CPU = Release|Any CPU
	EndGlobalSection
	GlobalSection(ProjectConfigurationPlatforms) = postSolution
		{D1952481-3E48-4EC1-B813-A22E894A8646}.Debug|Any CPU.ActiveCfg = Debug|Any CPU
		{D1952481-3E48-4EC1-B813-A22E894A8646}.Debug|Any CPU.Build.0 = Debug|Any CPU
		{D1952481-3E48-4EC1-B813-A22E894A8646}.Release|Any CPU.ActiveCfg = Release|Any CPU
		{D1952481-3E48-4EC1-B813-A22E894A8646}.Release|Any CPU.Build.0 = Release|Any CPU
		{A8CE6A88-E720-4C90-A447-8775131C9E2C}.Debug|Any CPU.ActiveCfg = Debug|Any CPU
		{A8CE6A88-E720-4C90-A447-8775131C9E2C}.Debug|Any CPU.Build.0 = Debug|Any CPU
		{A8CE6A88-E720-4C90-A447-8775131C9E2C}.Release|Any CPU.ActiveCfg = Release|Any CPU
		{A8CE6A88-E720-4C90-A447-8775131C9E2C}.Release|Any CPU.Build.0 = Release|Any CPU
		{404829B4-D970-4C07-B7FA-5105D9A7920F}.Debug|Any CPU.ActiveCfg = Debug|Any CPU
		{404829B4-D970-4C07-B7FA-5105D9A7920F}.Debug|Any CPU.Build.0 = Debug|Any CPU
		{404829B4-D970-4C07-B7FA-5105D9A7920F}.Release|Any CPU.ActiveCfg = Release|Any CPU
		{404829B4-D970-4C07-B7FA-5105D9A7920F}.Release|Any CPU.Build.0 = Release|Any CPU
		{67729025-0A7F-40A4-9DE1-416AD3C97B3C}.Debug|Any CPU.ActiveCfg = Debug|Any CPU
		{67729025-0A7F-40A4-9DE1-416AD3C97B3C}.Debug|Any CPU.Build.0 = Debug|Any CPU
		{67729025-0A7F-40A4-9DE1-416AD3C97B3C}.Release|Any CPU.ActiveCfg = Release|Any CPU
		{67729025-0A7F-40A4-9DE1-416AD3C97B3C}.Release|Any CPU.Build.0 = Release|Any CPU
		{31CF4D43-7763-4A86-AA55-42F67768BC97}.Debug|Any CPU.ActiveCfg = Debug|Any CPU
		{31CF4D43-7763-4A86-AA55-42F67768BC97}.Debug|Any CPU.Build.0 = Debug|Any CPU
		{31CF4D43-7763-4A86-AA55-42F67768BC97}.Release|Any CPU.ActiveCfg = Release|Any CPU
		{31CF4D43-7763-4A86-AA55-42F67768BC97}.Release|Any CPU.Build.0 = Release|Any CPU
		{3EF91F60-83E4-4F45-B719-8E7467A43AD0}.Debug|Any CPU.ActiveCfg = Debug|Any CPU
		{3EF91F60-83E4-4F45-B719-8E7467A43AD0}.Debug|Any CPU.Build.0 = Debug|Any CPU
		{3EF91F60-83E4-4F45-B719-8E7467A43AD0}.Release|Any CPU.ActiveCfg = Release|Any CPU
		{3EF91F60-83E4-4F45-B719-8E7467A43AD0}.Release|Any CPU.Build.0 = Release|Any CPU
	EndGlobalSection
	GlobalSection(SolutionProperties) = preSolution
		HideSolutionNode = FALSE
	EndGlobalSection
	GlobalSection(ExtensibilityGlobals) = postSolution
		SolutionGuid = {677BAE0B-F41C-4C81-A9B8-E32AA48B650E}
	EndGlobalSection
EndGlobal
