
Microsoft Visual Studio Solution File, Format Version 12.00
# Visual Studio Version 16
VisualStudioVersion = 16.0.32602.291
MinimumVisualStudioVersion = 10.0.40219.1
Project("{FAE04EC0-301F-11D3-BF4B-00C04F79EFBC}") = "ExerciseOne", "ExerciseOne\ExerciseOne.csproj", "{686C7B1F-F573-4B53-BC1F-B10E2F7276C5}"
EndProject
Project("{FAE04EC0-301F-11D3-BF4B-00C04F79EFBC}") = "ExerciseTwo", "ExerciseTwo\ExerciseTwo.csproj", "{9194A5DD-3F8A-4BB8-B6E0-DC9F229F4FEE}"
EndProject
Project("{FAE04EC0-301F-11D3-BF4B-00C04F79EFBC}") = "ExerciseThree", "ExerciseThree\ExerciseThree.csproj", "{B54E29CA-B40F-4354-ABDD-5129FD0426F2}"
EndProject
Project("{FAE04EC0-301F-11D3-BF4B-00C04F79EFBC}") = "ExerciseFour", "ExerciseFour\ExerciseFour.csproj", "{29149A53-AE54-4084-974B-84E36850AE95}"
EndProject
Project("{FAE04EC0-301F-11D3-BF4B-00C04F79EFBC}") = "ExerciseFive", "ExerciseFive\ExerciseFive.csproj", "{3A321D4F-1260-4939-AE69-E42DC4D330BA}"
EndProject
Global
	GlobalSection(SolutionConfigurationPlatforms) = preSolution
		Debug|Any CPU = Debug|Any CPU
		Release|Any CPU = Release|Any CPU
	EndGlobalSection
	GlobalSection(ProjectConfigurationPlatforms) = postSolution
		{686C7B1F-F573-4B53-BC1F-B10E2F7276C5}.Debug|Any CPU.ActiveCfg = Debug|Any CPU
		{686C7B1F-F573-4B53-BC1F-B10E2F7276C5}.Debug|Any CPU.Build.0 = Debug|Any CPU
		{686C7B1F-F573-4B53-BC1F-B10E2F7276C5}.Release|Any CPU.ActiveCfg = Release|Any CPU
		{686C7B1F-F573-4B53-BC1F-B10E2F7276C5}.Release|Any CPU.Build.0 = Release|Any CPU
		{9194A5DD-3F8A-4BB8-B6E0-DC9F229F4FEE}.Debug|Any CPU.ActiveCfg = Debug|Any CPU
		{9194A5DD-3F8A-4BB8-B6E0-DC9F229F4FEE}.Debug|Any CPU.Build.0 = Debug|Any CPU
		{9194A5DD-3F8A-4BB8-B6E0-DC9F229F4FEE}.Release|Any CPU.ActiveCfg = Release|Any CPU
		{9194A5DD-3F8A-4BB8-B6E0-DC9F229F4FEE}.Release|Any CPU.Build.0 = Release|Any CPU
		{B54E29CA-B40F-4354-ABDD-5129FD0426F2}.Debug|Any CPU.ActiveCfg = Debug|Any CPU
		{B54E29CA-B40F-4354-ABDD-5129FD0426F2}.Debug|Any CPU.Build.0 = Debug|Any CPU
		{B54E29CA-B40F-4354-ABDD-5129FD0426F2}.Release|Any CPU.ActiveCfg = Release|Any CPU
		{B54E29CA-B40F-4354-ABDD-5129FD0426F2}.Release|Any CPU.Build.0 = Release|Any CPU
		{29149A53-AE54-4084-974B-84E36850AE95}.Debug|Any CPU.ActiveCfg = Debug|Any CPU
		{29149A53-AE54-4084-974B-84E36850AE95}.Debug|Any CPU.Build.0 = Debug|Any CPU
		{29149A53-AE54-4084-974B-84E36850AE95}.Release|Any CPU.ActiveCfg = Release|Any CPU
		{29149A53-AE54-4084-974B-84E36850AE95}.Release|Any CPU.Build.0 = Release|Any CPU
		{3A321D4F-1260-4939-AE69-E42DC4D330BA}.Debug|Any CPU.ActiveCfg = Debug|Any CPU
		{3A321D4F-1260-4939-AE69-E42DC4D330BA}.Debug|Any CPU.Build.0 = Debug|Any CPU
		{3A321D4F-1260-4939-AE69-E42DC4D330BA}.Release|Any CPU.ActiveCfg = Release|Any CPU
		{3A321D4F-1260-4939-AE69-E42DC4D330BA}.Release|Any CPU.Build.0 = Release|Any CPU
	EndGlobalSection
	GlobalSection(SolutionProperties) = preSolution
		HideSolutionNode = FALSE
	EndGlobalSection
	GlobalSection(ExtensibilityGlobals) = postSolution
		SolutionGuid = {037A97E9-E443-4D9A-A62F-6D0981BBDE09}
	EndGlobalSection
EndGlobal
